lockfileVersion: '9.0'

settings:
  autoInstallPeers: true
  excludeLinksFromLockfile: false

importers:

  .:
    devDependencies:
      '@skeletonlabs/skeleton':
        specifier: ^4.10.0
        version: 4.10.0(tailwindcss@4.1.18)
      '@skeletonlabs/skeleton-svelte':
        specifier: ^4.10.0
        version: 4.10.0(svelte@5.46.4)
      phosphor-svelte:
        specifier: ^3.0.1
        version: 3.0.1(svelte@5.46.4)

packages:

  '@floating-ui/core@1.7.3':
    resolution: {integrity: sha512-sGnvb5dmrJaKEZ+LDIpguvdX3bDlEllmv4/ClQ9awcmCZrlx5jQyyMWFM5kBI+EyNOCDDiKk8il0zeuX3Zlg/w==}

  '@floating-ui/dom@1.7.4':
    resolution: {integrity: sha512-OOchDgh4F2CchOX94cRVqhvy7b3AFb+/rQXyswmzmGakRfkMgoWVjfnLWkRirfLEfuD4ysVW16eXzwt3jHIzKA==}

  '@floating-ui/utils@0.2.10':
    resolution: {integrity: sha512-aGTxbpbg8/b5JfU1HXSrbH3wXZuLPJcNEcZQFMxLs3oSzgtVu6nFPkbbGGUvBcUjKV2YyB9Wxxabo+HEH9tcRQ==}

  '@internationalized/date@3.10.1':
    resolution: {integrity: sha512-oJrXtQiAXLvT9clCf1K4kxp3eKsQhIaZqxEyowkBcsvZDdZkbWrVmnGknxs5flTD0VGsxrxKgBCZty1EzoiMzA==}

  '@jridgewell/gen-mapping@0.3.13':
    resolution: {integrity: sha512-2kkt/7niJ6MgEPxF0bYdQ6etZaA+fQvDcLKckhy1yIQOzaoKjBBjSj63/aLVjYE3qhRt5dvM+uUyfCg6UKCBbA==}

  '@jridgewell/remapping@2.3.5':
    resolution: {integrity: sha512-LI9u/+laYG4Ds1TDKSJW2YPrIlcVYOwi2fUC6xB43lueCjgxV4lffOCZCtYFiH6TNOX+tQKXx97T4IKHbhyHEQ==}

  '@jridgewell/resolve-uri@3.1.2':
    resolution: {integrity: sha512-bRISgCIjP20/tbWSPWMEi54QVPRZExkuD9lJL+UIxUKtwVJA8wW1Trb1jMs1RFXo1CBTNZ/5hpC9QvmKWdopKw==}
    engines: {node: '>=6.0.0'}

  '@jridgewell/sourcemap-codec@1.5.5':
    resolution: {integrity: sha512-cYQ9310grqxueWbl+WuIUIaiUaDcj7WOq5fVhEljNVgRfOUhY9fy2zTvfoqWsnebh8Sl70VScFbICvJnLKB0Og==}

  '@jridgewell/trace-mapping@0.3.31':
    resolution: {integrity: sha512-zzNR+SdQSDJzc8joaeP8QQoCQr8NuYx2dIIytl1QeBEZHJ9uW6hebsrYgbz8hJwUQao3TWCMtmfV8Nu1twOLAw==}

  '@skeletonlabs/skeleton-common@4.10.0':
    resolution: {integrity: sha512-I3CCVAzTsPAxbf+l7VSebCILH0vlW937/WVle47gJJMrVfSj2gttUjEjpMcpydjUGwI4GbMp2Y2mwPju51V0pQ==}

  '@skeletonlabs/skeleton-svelte@4.10.0':
    resolution: {integrity: sha512-W7wBIeAW7yWnA1Xv3Yd0TKDHZXFzsos2VVjT9u0+UUasQNgZ4fnQG1/uH3HIoG94cRRofdX67J6lP3XiwA7eBw==}
    peerDependencies:
      svelte: ^5.29.0

  '@skeletonlabs/skeleton@4.10.0':
    resolution: {integrity: sha512-wmawxvCdKgKP1CcvKFmHefdzP/9UoV4xVq/itjoOcQ6CT/JxVqOwvOvqdEuND3x5GYb0QEX0yLgeQOqAQvpjQw==}
    peerDependencies:
      tailwindcss: ^4.0.0

  '@sveltejs/acorn-typescript@1.0.8':
    resolution: {integrity: sha512-esgN+54+q0NjB0Y/4BomT9samII7jGwNy/2a3wNZbT2A2RpmXsXwUt24LvLhx6jUq2gVk4cWEvcRO6MFQbOfNA==}
    peerDependencies:
      acorn: ^8.9.0

  '@swc/helpers@0.5.18':
    resolution: {integrity: sha512-TXTnIcNJQEKwThMMqBXsZ4VGAza6bvN4pa41Rkqoio6QBKMvo+5lexeTMScGCIxtzgQJzElcvIltani+adC5PQ==}

  '@types/estree@1.0.8':
    resolution: {integrity: sha512-dWHzHa2WqEXI/O1E9OjrocMTKJl2mSrEolh1Iomrv6U+JuNwaHXsXx9bLu5gG7BUWFIN0skIQJQ/L1rIex4X6w==}

  '@zag-js/accordion@1.32.0':
    resolution: {integrity: sha512-sTn7xuaPvuG/YNO8aZIMBC0DMy+IacpxjduYUTdrjHrbvMKHuFdWuh9C7qg7AufM53bF1aWqVGltdIBXD9F8WA==}

  '@zag-js/anatomy@1.32.0':
    resolution: {integrity: sha512-99u8VBSt5wkP9ZluIV6lR06Pvyt0AQaTGnvhZkvSmbz5U5+1XwCU0Db7Q+dcQRpM7d0p1ViWFxNVHDuuwY25Fw==}

  '@zag-js/aria-hidden@1.32.0':
    resolution: {integrity: sha512-rgOSWjFMbeFwGPCdUWaSFbb4GM0Ovdr6sM0ilHmGQeXsrYkfg56R/o7I4/8P0kDIi/hDoE5TwBMUiGvKwWMLgA==}

  '@zag-js/auto-resize@1.32.0':
    resolution: {integrity: sha512-r9VnppK6rxsFhmfyaQSoHTEoD4yPQ4hmBDrXRoNTjpGeJoF9AKnzkY4YFFGZIuyWsFNLAMZJ3S6C3M2XZgzveA==}

  '@zag-js/avatar@1.32.0':
    resolution: {integrity: sha512-IdwVP/6EI51yUEW8CrCQp0dbzw2V2pcKUS8aayyB4+ihz0L9aWQDE6unUYuSc4xjxK1uGVGRdU67gEQCd6IXSg==}

  '@zag-js/carousel@1.32.0':
    resolution: {integrity: sha512-WKWrALPe+KWvsZY/ZIfJP3aU01qeghB16Mn8zd8AdL362pvQhKWhBLPSDk9OXh7OFcsiKm382gFHV5ko8CtBRw==}

  '@zag-js/collapsible@1.32.0':
    resolution: {integrity: sha512-kQwbPja0Nap1/ighmWCc5pemJG9Sx5Mw4zQ9p77O3znKbroq45AXSMr298Xx0zY44PEDhshKfLmeRT75jJRmpA==}

  '@zag-js/collection@1.32.0':
    resolution: {integrity: sha512-m4ViU0CdsTNiLjuIJknpPN8PPrsudfXC5GMAVykSBFnD6cnOWFKr7w4dM19Wp8VnlfsAsf4t86BPO+gsGm598w==}

  '@zag-js/combobox@1.32.0':
    resolution: {integrity: sha512-DITA9JhKcbX2IlowjqhZRK5a0Z0Y5ZRO0DUlueYFY5DUwiG1LIhV4AZolzpx24K95/L5V3c9+62DDbBeRS0Qsg==}

  '@zag-js/core@1.32.0':
    resolution: {integrity: sha512-aibBwyqw3saAzYBf2YHfuyOGt9kdNc4+ile3D1jbUsXiccLvGuFPP3+Ox7fULcILIiQhR0X6M+sTF17IyEMrYA==}

  '@zag-js/date-picker@1.32.0':
    resolution: {integrity: sha512-gfSPXKHE6IwbKXJrsyfi2pozsLdoiLCaxxX4hofa9nuenRDhgZjtkFeR4ZpmLomxKRjiDi2Hy4PLcfadMRxF2A==}
    peerDependencies:
      '@internationalized/date': '>=3.0.0'

  '@zag-js/date-utils@1.32.0':
    resolution: {integrity: sha512-TOhUURjMgaEpjDETwxcfuN9IdwjgtLWLBflaDCXZlipLQ7kuEDiT1G9tKKVr7ioZmapgd9b482sevH2H89Lxiw==}
    peerDependencies:
      '@internationalized/date': '>=3.0.0'

  '@zag-js/dialog@1.32.0':
    resolution: {integrity: sha512-aIrui9Wfxqags3jBsnAPBN7Af2U3icfbrHUXgAJ7cxsfsj58b7amM6Y42Ro7t1lBmpH86+3IxqfDkdBH1VQU7A==}

  '@zag-js/dismissable@1.32.0':
    resolution: {integrity: sha512-AUjajoaj2/3GfQvYJ5cdVwnov/dqAuS2N2dHRwxxSe/ktD4FbN/t0AcJ5Q2ojOuT6nBScEZQNd2vOrVgxLEiwQ==}

  '@zag-js/dom-query@1.32.0':
    resolution: {integrity: sha512-12XCCV1bchIFC7wjtYim5sEqUrAddzt0eysMTbBrCuK5r6TmLecwLtxUNKIRQ8adkCn0jqecUiuNyXojaArP3g==}

  '@zag-js/file-upload@1.32.0':
    resolution: {integrity: sha512-tuE3nOACmidiyu17GD13csInnmXS7xkWeJwGW0gFk20054uXA0ajF07NLCMpv6bToEgK+65/g3Vn0Mkw92X7lQ==}

  '@zag-js/file-utils@1.32.0':
    resolution: {integrity: sha512-bZ43xFGt6zn7zKKvAi/WNG7uhvOPRwR8xv/yrHk9W3IPqEj3k3zYkZkfQQbwfBKwWWcQe48WtzV+hwSDsatvOg==}

  '@zag-js/floating-panel@1.32.0':
    resolution: {integrity: sha512-qBZHA1Y4v8f9so8LcHVJXwfe+3qJ7M+6mRpl3llQO+InlPtXAd1jiBUa4u9v5PHj74Rmc0cWo+HJ2dPobynDCw==}

  '@zag-js/focus-trap@1.32.0':
    resolution: {integrity: sha512-irzYMaz1ycAnHOGLr4r6+3MwhfKnA67N9jPft9ejnE2QoTp40W+xp07K2KQNf6xN7Boe6xGlw8SwLBnGZw2eCQ==}

  '@zag-js/focus-visible@1.32.0':
    resolution: {integrity: sha512-/Gwu6Yt/c8tgpx32vkOxj2AIdmNdJv0WFHNBTl3xu60FR65oFfdpJsZR6MEbyL0F+srTYxuLZMdIoW5bN6nkQA==}

  '@zag-js/i18n-utils@1.32.0':
    resolution: {integrity: sha512-OMJTVMKjESWCAndYAi5kn+aYmVsU2pgJPWfH2nDS/wvGI4Z7WpJbbGZixbP7k6BSqewXS71xZRu98CNmL0IWwA==}

  '@zag-js/interact-outside@1.32.0':
    resolution: {integrity: sha512-OwQgBxijmv9ZXFu6WzhLRULJh0FoixuP6DJV9B2CGBKJZz4hbQAqVrW9PFaPiBuWOILZpZ/iI6ZDjkGSKZ0WHw==}

  '@zag-js/listbox@1.32.0':
    resolution: {integrity: sha512-7zENHml+igdm8xRiPSKTzEqUbRhSiusMv4JWSLamHswF+jN9ZG7yany1MEwiPrqizY9O3DbO/JYuZXliPsBACQ==}

  '@zag-js/live-region@1.32.0':
    resolution: {integrity: sha512-TN3fz8bk1k3ovGQJm7Lsr9xAaU+TwyPLhbBQzuApwz1aUzY4PFNdSdK56P7jnFlw6vrFq8/yOwUoDlTRzTGeRA==}

  '@zag-js/menu@1.32.0':
    resolution: {integrity: sha512-vMOPYg2a6dnTu8+E2wUptYkkdGyViUvf6je4+WEc5w0AGU1sGaZE+jckPK9f8vPUhL2I2TqwiI5dg85L+JZ1uw==}

  '@zag-js/pagination@1.32.0':
    resolution: {integrity: sha512-cfPaO9GyDSB1luaNEkh+RUYQzv1qZqP17Hq3AlJZQ5LQWc97U0ZyiptMm6oXApDKREoUhNcRNdpG9Mo5vz8Rbg==}

  '@zag-js/popover@1.32.0':
    resolution: {integrity: sha512-GTUQTWtMLyIXxHeV9dQy+xmIQVZ0KAION0XX/211ncrzWZ5guQXa2LECEH252uIEehRwRaFY08cZsacTqTOKsg==}

  '@zag-js/popper@1.32.0':
    resolution: {integrity: sha512-nTSdbgZKIEERNEpNhMlbATRiKhMrxo0t2206MbVhrM52TuraIc+nRmJNwWKoagalXs62/TlSpFvXmcpVyfWTMQ==}

  '@zag-js/progress@1.32.0':
    resolution: {integrity: sha512-BvxmOUqUFh8W0g/6kRMr991aGgoOq1nWos2gOrni6UKDz2KWyIfiMl4mhobsal8a8u3f/58zLNHp21VKd578NQ==}

  '@zag-js/radio-group@1.32.0':
    resolution: {integrity: sha512-OoCVyh7JK1WIbmoWtjOr56joi3J9RyL/fHMQlX6Nk1a4wCB1Bb0aZ6TgSDqMBrcPG7ufIqdEagSU0o5Uq9GD6Q==}

  '@zag-js/rating-group@1.32.0':
    resolution: {integrity: sha512-lEXxuhxHMHCSgMEilLKJjEF4vTgnCHaNIsZG9XRTL8BTIjbusTmvB6i3s2edLEdy0IFNK1HJ6JIXMT1G4r6fPg==}

  '@zag-js/rect-utils@1.32.0':
    resolution: {integrity: sha512-waBJL57PA90mYRMCDF7WNa3ZEfNhnWPu6lGqNB1Lh/1GMUzIto1X/Lw1oJoGig8Ui9Af9pgRG4QPyKSRULFgKQ==}

  '@zag-js/remove-scroll@1.32.0':
    resolution: {integrity: sha512-gWx8z/8ayNo624ibET4cNWbdVLc8A0Vyy9L9t67KT/slrBjcOA/zp9JL3Ngw/TZKgtR+wDh7P8ZoNAe0euaLSQ==}

  '@zag-js/scroll-snap@1.32.0':
    resolution: {integrity: sha512-N77nO4dhDyLYeemrUBEGuJEl7u357WjMozEkErLzpg4vSTIOrzHPh1oqVzykcQa/eVq9qyHGz4/txqgkEy+fbg==}

  '@zag-js/slider@1.32.0':
    resolution: {integrity: sha512-sbxQWp+/YxSvMDNkl5QDU7JyN6AGszASBZ1fT41Ctup17CQXnTwRK6CaAr00fgd4d21JlWd7T74/M393XgA6iQ==}

  '@zag-js/steps@1.32.0':
    resolution: {integrity: sha512-b0tA20GG5Kb+JDUHFPFT4QEQiDMsotWlIFXphntkzXFNqXOc/stPfllT78YoDAGx5hnvE20fSHooXze9A5Ad5Q==}

  '@zag-js/store@1.32.0':
    resolution: {integrity: sha512-m9jvTKJB/lTC2I8NpDf+yo2XVN+ogxjiVbGsooAFTpyUAiXZY50nVc9cFcswnwFMo/GzXMk81oalyz9u65jqRQ==}

  '@zag-js/svelte@1.32.0':
    resolution: {integrity: sha512-Coth0r/owg+1L9tapDDAEKzYf2dezaugvDAfRMvl/rrsUIYtsm6z6ceKcMq0NFzVPB5jsYTW/tK9RW05Xr0Zsg==}
    peerDependencies:
      svelte: '>=5'

  '@zag-js/switch@1.32.0':
    resolution: {integrity: sha512-im6kDxjT/HT7T7+4/2VHpJm744SxN9SK9fNJMU48LYmO55Qi3Ftz89Gp19P2cv9KxFgR9o0gGZH4adELULtJTQ==}

  '@zag-js/tabs@1.32.0':
    resolution: {integrity: sha512-ZgRHQmE+np/EPEUtSsCrYJLWFdW9JXtXE6vb1uJfR4K4yUGxGMRdBuKeeRSTMUtSLqXyo9KwDYQtAQa/RdnOHg==}

  '@zag-js/tags-input@1.32.0':
    resolution: {integrity: sha512-Aj0no7TpJGU5NkcXDYKuoKuEZhePkb8baPsLx1K76QOYpwDxujlOy2BemtGisxmWHidjQROYJIr7ks31iNcXmA==}

  '@zag-js/toast@1.32.0':
    resolution: {integrity: sha512-f5APsASyGmhKlpQ/Wxc4bp9hAUVuXqV6FoHnu7ugfIuYllIaSz/RHgsb4yZvLjweNE24cw4B9Rjj9njOZGPe6Q==}

  '@zag-js/toggle-group@1.32.0':
    resolution: {integrity: sha512-1opPWPMgDqk/NnD42F/bh1nOBcr6N+pYG53D/agifDxuhh+kiAFJ4QubLK+1758J55fIQWclToAbKZO7U8UCLQ==}

  '@zag-js/tooltip@1.32.0':
    resolution: {integrity: sha512-V3GJXCgSTiijqZTqJnRQ5HClL8GUtGhfczcB9fV+T2+mbwZXahfNQ0Fjrfi2Itb4WLCTovOi9iIAlfl3S1V/pQ==}

  '@zag-js/tree-view@1.32.0':
    resolution: {integrity: sha512-brMHrwmDDfuPFcsciHLwb941hBy/Zm9hug0325HNgNLKVCjiJ2Gewnay373IQhxDJHeuF+9htJlq3bhMlHeLTw==}

  '@zag-js/types@1.32.0':
    resolution: {integrity: sha512-9UV5mFnTgJRyFCCH9g/TIqtxxfw6FUphpe7E0AHK9+WSq3PRvflMeaRT/O6HgdWo0Rc+JN9vVwkFYyGD81uAbw==}

  '@zag-js/utils@1.32.0':
    resolution: {integrity: sha512-IRe1yFbMXBp8Q1Xp916Lq9P91s65K5KRNFZIv2EdQHRynLaT+QrPp5hmzkWoXJn8oOYd6PZeNb7K6v7vk8+k1g==}

  acorn@8.15.0:
    resolution: {integrity: sha512-NZyJarBfL7nWwIq+FDL6Zp/yHEhePMNnnJ0y3qfieCrmNvYct8uvtiV41UvlSe6apAfk0fY1FbWx+NwfmpvtTg==}
    engines: {node: '>=0.4.0'}
    hasBin: true

  aria-query@5.3.2:
    resolution: {integrity: sha512-COROpnaoap1E2F000S62r6A60uHZnmlvomhfyT2DlTcrY1OrBKn2UhH7qn5wTC9zMvD0AY7csdPSNwKP+7WiQw==}
    engines: {node: '>= 0.4'}

  axobject-query@4.1.0:
    resolution: {integrity: sha512-qIj0G9wZbMGNLjLmg1PT6v2mE9AH2zlnADJD/2tC6E00hgmhUOfEB6greHPAfLRSufHqROIUTkw6E+M3lH0PTQ==}
    engines: {node: '>= 0.4'}

  clsx@2.1.1:
    resolution: {integrity: sha512-eYm0QWBtUrBWZWG0d386OGAw16Z995PiOVo2B7bjWSbHedGl5e0ZWaq65kOGgUSNesEIDkB9ISbTg/JK9dhCZA==}
    engines: {node: '>=6'}

  csstype@3.2.3:
    resolution: {integrity: sha512-z1HGKcYy2xA8AGQfwrn0PAy+PB7X/GSj3UVJW9qKyn43xWa+gl5nXmU4qqLMRzWVLFC8KusUX8T/0kCiOYpAIQ==}

  devalue@5.6.2:
    resolution: {integrity: sha512-nPRkjWzzDQlsejL1WVifk5rvcFi/y1onBRxjaFMjZeR9mFpqu2gmAZ9xUB9/IEanEP/vBtGeGganC/GO1fmufg==}

  esm-env@1.2.2:
    resolution: {integrity: sha512-Epxrv+Nr/CaL4ZcFGPJIYLWFom+YeV1DqMLHJoEd9SYRxNbaFruBwfEX/kkHUJf55j2+TUbmDcmuilbP1TmXHA==}

  esrap@2.2.1:
    resolution: {integrity: sha512-GiYWG34AN/4CUyaWAgunGt0Rxvr1PTMlGC0vvEov/uOQYWne2bpN03Um+k8jT+q3op33mKouP2zeJ6OlM+qeUg==}

  estree-walker@3.0.3:
    resolution: {integrity: sha512-7RUKfXgSMMkzt6ZuXmqapOurLGPPfgj6l9uRZ7lRGolvk0y2yocc35LdcxKC5PQZdn2DMqioAQ2NoWcrTKmm6g==}

  is-reference@3.0.3:
    resolution: {integrity: sha512-ixkJoqQvAP88E6wLydLGGqCJsrFUnqoH6HnaczB8XmDH1oaWU+xxdptvikTgaEhtZ53Ky6YXiBuUI2WXLMCwjw==}

  locate-character@3.0.0:
    resolution: {integrity: sha512-SW13ws7BjaeJ6p7Q6CO2nchbYEc3X3J6WrmTTDto7yMPqVSZTUyY5Tjbid+Ab8gLnATtygYtiDIJGQRRn2ZOiA==}

  magic-string@0.30.21:
    resolution: {integrity: sha512-vd2F4YUyEXKGcLHoq+TEyCjxueSeHnFxyyjNp80yg0XV4vUhnDer/lvvlqM/arB5bXQN5K2/3oinyCRyx8T2CQ==}

  phosphor-svelte@3.0.1:
    resolution: {integrity: sha512-QuxdzWCBjNZXglk4XpmaKb+JRA6XgKOYWpBY8k82NZwxO5ec7u2iFuueAijKYgj/7hLWHtreAPc2Q5uZFNTRSQ==}
    peerDependencies:
      svelte: ^5.0.0 || ^5.0.0-next.96
      vite: '>=5'
    peerDependenciesMeta:
      vite:
        optional: true

  proxy-compare@3.0.1:
    resolution: {integrity: sha512-V9plBAt3qjMlS1+nC8771KNf6oJ12gExvaxnNzN/9yVRLdTv/lc+oJlnSzrdYDAvBfTStPCoiaCOTmTs0adv7Q==}

  svelte@5.46.4:
    resolution: {integrity: sha512-VJwdXrmv9L8L7ZasJeWcCjoIuMRVbhuxbss0fpVnR8yorMmjNDwcjIH08vS6wmSzzzgAG5CADQ1JuXPS2nwt9w==}
    engines: {node: '>=18'}

  tailwindcss@4.1.18:
    resolution: {integrity: sha512-4+Z+0yiYyEtUVCScyfHCxOYP06L5Ne+JiHhY2IjR2KWMIWhJOYZKLSGZaP5HkZ8+bY0cxfzwDE5uOmzFXyIwxw==}

  tslib@2.8.1:
    resolution: {integrity: sha512-oJFu94HQb+KVduSUQL7wnpmqnfmLsOA/nAh6b6EH0wCEoK0/mPeXU6c3wKDV83MkOuHPRHtSXKKU99IBazS/2w==}

  zimmerframe@1.1.4:
    resolution: {integrity: sha512-B58NGBEoc8Y9MWWCQGl/gq9xBCe4IiKM0a2x7GZdQKOW5Exr8S1W24J6OgM1njK8xCRGvAJIL/MxXHf6SkmQKQ==}

snapshots:

  '@floating-ui/core@1.7.3':
    dependencies:
      '@floating-ui/utils': 0.2.10

  '@floating-ui/dom@1.7.4':
    dependencies:
      '@floating-ui/core': 1.7.3
      '@floating-ui/utils': 0.2.10

  '@floating-ui/utils@0.2.10': {}

  '@internationalized/date@3.10.1':
    dependencies:
      '@swc/helpers': 0.5.18

  '@jridgewell/gen-mapping@0.3.13':
    dependencies:
      '@jridgewell/sourcemap-codec': 1.5.5
      '@jridgewell/trace-mapping': 0.3.31

  '@jridgewell/remapping@2.3.5':
    dependencies:
      '@jridgewell/gen-mapping': 0.3.13
      '@jridgewell/trace-mapping': 0.3.31

  '@jridgewell/resolve-uri@3.1.2': {}

  '@jridgewell/sourcemap-codec@1.5.5': {}

  '@jridgewell/trace-mapping@0.3.31':
    dependencies:
      '@jridgewell/resolve-uri': 3.1.2
      '@jridgewell/sourcemap-codec': 1.5.5

  '@skeletonlabs/skeleton-common@4.10.0': {}

  '@skeletonlabs/skeleton-svelte@4.10.0(svelte@5.46.4)':
    dependencies:
      '@internationalized/date': 3.10.1
      '@skeletonlabs/skeleton-common': 4.10.0
      '@zag-js/accordion': 1.32.0
      '@zag-js/avatar': 1.32.0
      '@zag-js/carousel': 1.32.0
      '@zag-js/collapsible': 1.32.0
      '@zag-js/collection': 1.32.0
      '@zag-js/combobox': 1.32.0
      '@zag-js/date-picker': 1.32.0(@internationalized/date@3.10.1)
      '@zag-js/dialog': 1.32.0
      '@zag-js/file-upload': 1.32.0
      '@zag-js/floating-panel': 1.32.0
      '@zag-js/listbox': 1.32.0
      '@zag-js/menu': 1.32.0
      '@zag-js/pagination': 1.32.0
      '@zag-js/popover': 1.32.0
      '@zag-js/progress': 1.32.0
      '@zag-js/radio-group': 1.32.0
      '@zag-js/rating-group': 1.32.0
      '@zag-js/slider': 1.32.0
      '@zag-js/steps': 1.32.0
      '@zag-js/svelte': 1.32.0(svelte@5.46.4)
      '@zag-js/switch': 1.32.0
      '@zag-js/tabs': 1.32.0
      '@zag-js/tags-input': 1.32.0
      '@zag-js/toast': 1.32.0
      '@zag-js/toggle-group': 1.32.0
      '@zag-js/tooltip': 1.32.0
      '@zag-js/tree-view': 1.32.0
      svelte: 5.46.4

  '@skeletonlabs/skeleton@4.10.0(tailwindcss@4.1.18)':
    dependencies:
      tailwindcss: 4.1.18

  '@sveltejs/acorn-typescript@1.0.8(acorn@8.15.0)':
    dependencies:
      acorn: 8.15.0

  '@swc/helpers@0.5.18':
    dependencies:
      tslib: 2.8.1

  '@types/estree@1.0.8': {}

  '@zag-js/accordion@1.32.0':
    dependencies:
      '@zag-js/anatomy': 1.32.0
      '@zag-js/core': 1.32.0
      '@zag-js/dom-query': 1.32.0
      '@zag-js/types': 1.32.0
      '@zag-js/utils': 1.32.0

  '@zag-js/anatomy@1.32.0': {}

  '@zag-js/aria-hidden@1.32.0':
    dependencies:
      '@zag-js/dom-query': 1.32.0

  '@zag-js/auto-resize@1.32.0':
    dependencies:
      '@zag-js/dom-query': 1.32.0

  '@zag-js/avatar@1.32.0':
    dependencies:
      '@zag-js/anatomy': 1.32.0
      '@zag-js/core': 1.32.0
      '@zag-js/dom-query': 1.32.0
      '@zag-js/types': 1.32.0
      '@zag-js/utils': 1.32.0

  '@zag-js/carousel@1.32.0':
    dependencies:
      '@zag-js/anatomy': 1.32.0
      '@zag-js/core': 1.32.0
      '@zag-js/dom-query': 1.32.0
      '@zag-js/scroll-snap': 1.32.0
      '@zag-js/types': 1.32.0
      '@zag-js/utils': 1.32.0

  '@zag-js/collapsible@1.32.0':
    dependencies:
      '@zag-js/anatomy': 1.32.0
      '@zag-js/core': 1.32.0
      '@zag-js/dom-query': 1.32.0
      '@zag-js/types': 1.32.0
      '@zag-js/utils': 1.32.0

  '@zag-js/collection@1.32.0':
    dependencies:
      '@zag-js/utils': 1.32.0

  '@zag-js/combobox@1.32.0':
    dependencies:
      '@zag-js/anatomy': 1.32.0
      '@zag-js/aria-hidden': 1.32.0
      '@zag-js/collection': 1.32.0
      '@zag-js/core': 1.32.0
      '@zag-js/dismissable': 1.32.0
      '@zag-js/dom-query': 1.32.0
      '@zag-js/popper': 1.32.0
      '@zag-js/types': 1.32.0
      '@zag-js/utils': 1.32.0

  '@zag-js/core@1.32.0':
    dependencies:
      '@zag-js/dom-query': 1.32.0
      '@zag-js/utils': 1.32.0

  '@zag-js/date-picker@1.32.0(@internationalized/date@3.10.1)':
    dependencies:
      '@internationalized/date': 3.10.1
      '@zag-js/anatomy': 1.32.0
      '@zag-js/core': 1.32.0
      '@zag-js/date-utils': 1.32.0(@internationalized/date@3.10.1)
      '@zag-js/dismissable': 1.32.0
      '@zag-js/dom-query': 1.32.0
      '@zag-js/live-region': 1.32.0
      '@zag-js/popper': 1.32.0
      '@zag-js/types': 1.32.0
      '@zag-js/utils': 1.32.0

  '@zag-js/date-utils@1.32.0(@internationalized/date@3.10.1)':
    dependencies:
      '@internationalized/date': 3.10.1

  '@zag-js/dialog@1.32.0':
    dependencies:
      '@zag-js/anatomy': 1.32.0
      '@zag-js/aria-hidden': 1.32.0
      '@zag-js/core': 1.32.0
      '@zag-js/dismissable': 1.32.0
      '@zag-js/dom-query': 1.32.0
      '@zag-js/focus-trap': 1.32.0
      '@zag-js/remove-scroll': 1.32.0
      '@zag-js/types': 1.32.0
      '@zag-js/utils': 1.32.0

  '@zag-js/dismissable@1.32.0':
    dependencies:
      '@zag-js/dom-query': 1.32.0
      '@zag-js/interact-outside': 1.32.0
      '@zag-js/utils': 1.32.0

  '@zag-js/dom-query@1.32.0':
    dependencies:
      '@zag-js/types': 1.32.0

  '@zag-js/file-upload@1.32.0':
    dependencies:
      '@zag-js/anatomy': 1.32.0
      '@zag-js/core': 1.32.0
      '@zag-js/dom-query': 1.32.0
      '@zag-js/file-utils': 1.32.0
      '@zag-js/i18n-utils': 1.32.0
      '@zag-js/types': 1.32.0
      '@zag-js/utils': 1.32.0

  '@zag-js/file-utils@1.32.0':
    dependencies:
      '@zag-js/i18n-utils': 1.32.0

  '@zag-js/floating-panel@1.32.0':
    dependencies:
      '@zag-js/anatomy': 1.32.0
      '@zag-js/core': 1.32.0
      '@zag-js/dom-query': 1.32.0
      '@zag-js/popper': 1.32.0
      '@zag-js/rect-utils': 1.32.0
      '@zag-js/store': 1.32.0
      '@zag-js/types': 1.32.0
      '@zag-js/utils': 1.32.0

  '@zag-js/focus-trap@1.32.0':
    dependencies:
      '@zag-js/dom-query': 1.32.0

  '@zag-js/focus-visible@1.32.0':
    dependencies:
      '@zag-js/dom-query': 1.32.0

  '@zag-js/i18n-utils@1.32.0':
    dependencies:
      '@zag-js/dom-query': 1.32.0

  '@zag-js/interact-outside@1.32.0':
    dependencies:
      '@zag-js/dom-query': 1.32.0
      '@zag-js/utils': 1.32.0

  '@zag-js/listbox@1.32.0':
    dependencies:
      '@zag-js/anatomy': 1.32.0
      '@zag-js/collection': 1.32.0
      '@zag-js/core': 1.32.0
      '@zag-js/dom-query': 1.32.0
      '@zag-js/focus-visible': 1.32.0
      '@zag-js/types': 1.32.0
      '@zag-js/utils': 1.32.0

  '@zag-js/live-region@1.32.0': {}

  '@zag-js/menu@1.32.0':
    dependencies:
      '@zag-js/anatomy': 1.32.0
      '@zag-js/core': 1.32.0
      '@zag-js/dismissable': 1.32.0
      '@zag-js/dom-query': 1.32.0
      '@zag-js/popper': 1.32.0
      '@zag-js/rect-utils': 1.32.0
      '@zag-js/types': 1.32.0
      '@zag-js/utils': 1.32.0

  '@zag-js/pagination@1.32.0':
    dependencies:
      '@zag-js/anatomy': 1.32.0
      '@zag-js/core': 1.32.0
      '@zag-js/dom-query': 1.32.0
      '@zag-js/types': 1.32.0
      '@zag-js/utils': 1.32.0

  '@zag-js/popover@1.32.0':
    dependencies:
      '@zag-js/anatomy': 1.32.0
      '@zag-js/aria-hidden': 1.32.0
      '@zag-js/core': 1.32.0
      '@zag-js/dismissable': 1.32.0
      '@zag-js/dom-query': 1.32.0
      '@zag-js/focus-trap': 1.32.0
      '@zag-js/popper': 1.32.0
      '@zag-js/remove-scroll': 1.32.0
      '@zag-js/types': 1.32.0
      '@zag-js/utils': 1.32.0

  '@zag-js/popper@1.32.0':
    dependencies:
      '@floating-ui/dom': 1.7.4
      '@zag-js/dom-query': 1.32.0
      '@zag-js/utils': 1.32.0

  '@zag-js/progress@1.32.0':
    dependencies:
      '@zag-js/anatomy': 1.32.0
      '@zag-js/core': 1.32.0
      '@zag-js/dom-query': 1.32.0
      '@zag-js/types': 1.32.0
      '@zag-js/utils': 1.32.0

  '@zag-js/radio-group@1.32.0':
    dependencies:
      '@zag-js/anatomy': 1.32.0
      '@zag-js/core': 1.32.0
      '@zag-js/dom-query': 1.32.0
      '@zag-js/focus-visible': 1.32.0
      '@zag-js/types': 1.32.0
      '@zag-js/utils': 1.32.0

  '@zag-js/rating-group@1.32.0':
    dependencies:
      '@zag-js/anatomy': 1.32.0
      '@zag-js/core': 1.32.0
      '@zag-js/dom-query': 1.32.0
      '@zag-js/types': 1.32.0
      '@zag-js/utils': 1.32.0

  '@zag-js/rect-utils@1.32.0': {}

  '@zag-js/remove-scroll@1.32.0':
    dependencies:
      '@zag-js/dom-query': 1.32.0

  '@zag-js/scroll-snap@1.32.0':
    dependencies:
      '@zag-js/dom-query': 1.32.0

  '@zag-js/slider@1.32.0':
    dependencies:
      '@zag-js/anatomy': 1.32.0
      '@zag-js/core': 1.32.0
      '@zag-js/dom-query': 1.32.0
      '@zag-js/types': 1.32.0
      '@zag-js/utils': 1.32.0

  '@zag-js/steps@1.32.0':
    dependencies:
      '@zag-js/anatomy': 1.32.0
      '@zag-js/core': 1.32.0
      '@zag-js/dom-query': 1.32.0
      '@zag-js/types': 1.32.0
      '@zag-js/utils': 1.32.0

  '@zag-js/store@1.32.0':
    dependencies:
      proxy-compare: 3.0.1

  '@zag-js/svelte@1.32.0(svelte@5.46.4)':
    dependencies:
      '@zag-js/core': 1.32.0
      '@zag-js/types': 1.32.0
      '@zag-js/utils': 1.32.0
      svelte: 5.46.4

  '@zag-js/switch@1.32.0':
    dependencies:
      '@zag-js/anatomy': 1.32.0
      '@zag-js/core': 1.32.0
      '@zag-js/dom-query': 1.32.0
      '@zag-js/focus-visible': 1.32.0
      '@zag-js/types': 1.32.0
      '@zag-js/utils': 1.32.0

  '@zag-js/tabs@1.32.0':
    dependencies:
      '@zag-js/anatomy': 1.32.0
      '@zag-js/core': 1.32.0
      '@zag-js/dom-query': 1.32.0
      '@zag-js/types': 1.32.0
      '@zag-js/utils': 1.32.0

  '@zag-js/tags-input@1.32.0':
    dependencies:
      '@zag-js/anatomy': 1.32.0
      '@zag-js/auto-resize': 1.32.0
      '@zag-js/core': 1.32.0
      '@zag-js/dom-query': 1.32.0
      '@zag-js/interact-outside': 1.32.0
      '@zag-js/live-region': 1.32.0
      '@zag-js/types': 1.32.0
      '@zag-js/utils': 1.32.0

  '@zag-js/toast@1.32.0':
    dependencies:
      '@zag-js/anatomy': 1.32.0
      '@zag-js/core': 1.32.0
      '@zag-js/dismissable': 1.32.0
      '@zag-js/dom-query': 1.32.0
      '@zag-js/types': 1.32.0
      '@zag-js/utils': 1.32.0

  '@zag-js/toggle-group@1.32.0':
    dependencies:
      '@zag-js/anatomy': 1.32.0
      '@zag-js/core': 1.32.0
      '@zag-js/dom-query': 1.32.0
      '@zag-js/types': 1.32.0
      '@zag-js/utils': 1.32.0

  '@zag-js/tooltip@1.32.0':
    dependencies:
      '@zag-js/anatomy': 1.32.0
      '@zag-js/core': 1.32.0
      '@zag-js/dom-query': 1.32.0
      '@zag-js/focus-visible': 1.32.0
      '@zag-js/popper': 1.32.0
      '@zag-js/types': 1.32.0
      '@zag-js/utils': 1.32.0

  '@zag-js/tree-view@1.32.0':
    dependencies:
      '@zag-js/anatomy': 1.32.0
      '@zag-js/collection': 1.32.0
      '@zag-js/core': 1.32.0
      '@zag-js/dom-query': 1.32.0
      '@zag-js/types': 1.32.0
      '@zag-js/utils': 1.32.0

  '@zag-js/types@1.32.0':
    dependencies:
      csstype: 3.2.3

  '@zag-js/utils@1.32.0': {}

  acorn@8.15.0: {}

  aria-query@5.3.2: {}

  axobject-query@4.1.0: {}

  clsx@2.1.1: {}

  csstype@3.2.3: {}

  devalue@5.6.2: {}

  esm-env@1.2.2: {}

  esrap@2.2.1:
    dependencies:
      '@jridgewell/sourcemap-codec': 1.5.5

  estree-walker@3.0.3:
    dependencies:
      '@types/estree': 1.0.8

  is-reference@3.0.3:
    dependencies:
      '@types/estree': 1.0.8

  locate-character@3.0.0: {}

  magic-string@0.30.21:
    dependencies:
      '@jridgewell/sourcemap-codec': 1.5.5

  phosphor-svelte@3.0.1(svelte@5.46.4):
    dependencies:
      estree-walker: 3.0.3
      magic-string: 0.30.21
      svelte: 5.46.4

  proxy-compare@3.0.1: {}

  svelte@5.46.4:
    dependencies:
      '@jridgewell/remapping': 2.3.5
      '@jridgewell/sourcemap-codec': 1.5.5
      '@sveltejs/acorn-typescript': 1.0.8(acorn@8.15.0)
      '@types/estree': 1.0.8
      acorn: 8.15.0
      aria-query: 5.3.2
      axobject-query: 4.1.0
      clsx: 2.1.1
      devalue: 5.6.2
      esm-env: 1.2.2
      esrap: 2.2.1
      is-reference: 3.0.3
      locate-character: 3.0.0
      magic-string: 0.30.21
      zimmerframe: 1.1.4

  tailwindcss@4.1.18: {}

  tslib@2.8.1: {}

  zimmerframe@1.1.4: {}
